// !$*UTF8*$!
{
	archiveVersion = 1;
	classes = {
	};
	objectVersion = 48;
	objects = {

/* Begin PBXBuildFile section */
		3AED04931FE1026C003130A3 /* AppDelegate.m in Sources */ = {isa = PBXBuildFile; fileRef = 3AED04921FE1026C003130A3 /* AppDelegate.m */; };
		3AED04961FE1026C003130A3 /* ViewController.m in Sources */ = {isa = PBXBuildFile; fileRef = 3AED04951FE1026C003130A3 /* ViewController.m */; };
		3AED04991FE1026C003130A3 /* Main.storyboard in Resources */ = {isa = PBXBuildFile; fileRef = 3AED04971FE1026C003130A3 /* Main.storyboard */; };
		3AED049B1FE1026C003130A3 /* Assets.xcassets in Resources */ = {isa = PBXBuildFile; fileRef = 3AED049A1FE1026C003130A3 /* Assets.xcassets */; };
		3AED049E1FE1026C003130A3 /* LaunchScreen.storyboard in Resources */ = {isa = PBXBuildFile; fileRef = 3AED049C1FE1026C003130A3 /* LaunchScreen.storyboard */; };
		3AED04A11FE1026C003130A3 /* main.m in Sources */ = {isa = PBXBuildFile; fileRef = 3AED04A01FE1026C003130A3 /* main.m */; };
		3AED04AB1FE1026C003130A3 /* AnExperimentOnPreventingUnrecognizedSelectorCrashTests.m in Sources */ = {isa = PBXBuildFile; fileRef = 3AED04AA1FE1026C003130A3 /* AnExperimentOnPreventingUnrecognizedSelectorCrashTests.m */; };
		3AED04B91FE10893003130A3 /* NSObject+RuntimeAdditions.m in Sources */ = {isa = PBXBuildFile; fileRef = 3AED04B81FE10893003130A3 /* NSObject+RuntimeAdditions.m */; };
		3AED04BC1FE10910003130A3 /* ZWZCrashPreventor.m in Sources */ = {isa = PBXBuildFile; fileRef = 3AED04BB1FE10910003130A3 /* ZWZCrashPreventor.m */; };
		3AED04C01FE11341003130A3 /* NSObject+TypeResolveInstanceMethod.m in Sources */ = {isa = PBXBuildFile; fileRef = 3AED04BF1FE11341003130A3 /* NSObject+TypeResolveInstanceMethod.m */; };
		3AED04C31FE1184A003130A3 /* NSObject+TypeForwardingTarget.m in Sources */ = {isa = PBXBuildFile; fileRef = 3AED04C21FE1184A003130A3 /* NSObject+TypeForwardingTarget.m */; };
		3AED04C61FE11CEB003130A3 /* NSObject+TypeForwardInvocation.m in Sources */ = {isa = PBXBuildFile; fileRef = 3AED04C51FE11CEB003130A3 /* NSObject+TypeForwardInvocation.m */; };
/* End PBXBuildFile section */

/* Begin PBXContainerItemProxy section */
		3AED04A71FE1026C003130A3 /* PBXContainerItemProxy */ = {
			isa = PBXContainerItemProxy;
			containerPortal = 3AED04861FE1026C003130A3 /* Project object */;
			proxyType = 1;
			remoteGlobalIDString = 3AED048D1FE1026C003130A3;
			remoteInfo = AnExperimentOnPreventingUnrecognizedSelectorCrash;
		};
/* End PBXContainerItemProxy section */

/* Begin PBXFileReference section */
		3AED048E1FE1026C003130A3 /* AnExperimentOnPreventingUnrecognizedSelectorCrash.app */ = {isa = PBXFileReference; explicitFileType = wrapper.application; includeInIndex = 0; path = AnExperimentOnPreventingUnrecognizedSelectorCrash.app; sourceTree = BUILT_PRODUCTS_DIR; };
		3AED04911FE1026C003130A3 /* AppDelegate.h */ = {isa = PBXFileReference; lastKnownFileType = sourcecode.c.h; path = AppDelegate.h; sourceTree = "<group>"; };
		3AED04921FE1026C003130A3 /* AppDelegate.m */ = {isa = PBXFileReference; lastKnownFileType = sourcecode.c.objc; path = AppDelegate.m; sourceTree = "<group>"; };
		3AED04941FE1026C003130A3 /* ViewController.h */ = {isa = PBXFileReference; lastKnownFileType = sourcecode.c.h; path = ViewController.h; sourceTree = "<group>"; };
		3AED04951FE1026C003130A3 /* ViewController.m */ = {isa = PBXFileReference; lastKnownFileType = sourcecode.c.objc; path = ViewController.m; sourceTree = "<group>"; };
		3AED04981FE1026C003130A3 /* Base */ = {isa = PBXFileReference; lastKnownFileType = file.storyboard; name = Base; path = Base.lproj/Main.storyboard; sourceTree = "<group>"; };
		3AED049A1FE1026C003130A3 /* Assets.xcassets */ = {isa = PBXFileReference; lastKnownFileType = folder.assetcatalog; path = Assets.xcassets; sourceTree = "<group>"; };
		3AED049D1FE1026C003130A3 /* Base */ = {isa = PBXFileReference; lastKnownFileType = file.storyboard; name = Base; path = Base.lproj/LaunchScreen.storyboard; sourceTree = "<group>"; };
		3AED049F1FE1026C003130A3 /* Info.plist */ = {isa = PBXFileReference; lastKnownFileType = text.plist.xml; path = Info.plist; sourceTree = "<group>"; };
		3AED04A01FE1026C003130A3 /* main.m */ = {isa = PBXFileReference; lastKnownFileType = sourcecode.c.objc; path = main.m; sourceTree = "<group>"; };
		3AED04A61FE1026C003130A3 /* AnExperimentOnPreventingUnrecognizedSelectorCrashTests.xctest */ = {isa = PBXFileReference; explicitFileType = wrapper.cfbundle; includeInIndex = 0; path = AnExperimentOnPreventingUnrecognizedSelectorCrashTests.xctest; sourceTree = BUILT_PRODUCTS_DIR; };
		3AED04AA1FE1026C003130A3 /* AnExperimentOnPreventingUnrecognizedSelectorCrashTests.m */ = {isa = PBXFileReference; lastKnownFileType = sourcecode.c.objc; path = AnExperimentOnPreventingUnrecognizedSelectorCrashTests.m; sourceTree = "<group>"; };
		3AED04AC1FE1026C003130A3 /* Info.plist */ = {isa = PBXFileReference; lastKnownFileType = text.plist.xml; path = Info.plist; sourceTree = "<group>"; };
		3AED04B71FE10893003130A3 /* NSObject+RuntimeAdditions.h */ = {isa = PBXFileReference; lastKnownFileType = sourcecode.c.h; path = "NSObject+RuntimeAdditions.h"; sourceTree = "<group>"; };
		3AED04B81FE10893003130A3 /* NSObject+RuntimeAdditions.m */ = {isa = PBXFileReference; lastKnownFileType = sourcecode.c.objc; path = "NSObject+RuntimeAdditions.m"; sourceTree = "<group>"; };
		3AED04BA1FE10910003130A3 /* ZWZCrashPreventor.h */ = {isa = PBXFileReference; lastKnownFileType = sourcecode.c.h; path = ZWZCrashPreventor.h; sourceTree = "<group>"; };
		3AED04BB1FE10910003130A3 /* ZWZCrashPreventor.m */ = {isa = PBXFileReference; lastKnownFileType = sourcecode.c.objc; path = ZWZCrashPreventor.m; sourceTree = "<group>"; };
		3AED04BE1FE11341003130A3 /* NSObject+TypeResolveInstanceMethod.h */ = {isa = PBXFileReference; lastKnownFileType = sourcecode.c.h; path = "NSObject+TypeResolveInstanceMethod.h"; sourceTree = "<group>"; };
		3AED04BF1FE11341003130A3 /* NSObject+TypeResolveInstanceMethod.m */ = {isa = PBXFileReference; lastKnownFileType = sourcecode.c.objc; path = "NSObject+TypeResolveInstanceMethod.m"; sourceTree = "<group>"; };
		3AED04C11FE1184A003130A3 /* NSObject+TypeForwardingTarget.h */ = {isa = PBXFileReference; lastKnownFileType = sourcecode.c.h; path = "NSObject+TypeForwardingTarget.h"; sourceTree = "<group>"; };
		3AED04C21FE1184A003130A3 /* NSObject+TypeForwardingTarget.m */ = {isa = PBXFileReference; lastKnownFileType = sourcecode.c.objc; path = "NSObject+TypeForwardingTarget.m"; sourceTree = "<group>"; };
		3AED04C41FE11CEB003130A3 /* NSObject+TypeForwardInvocation.h */ = {isa = PBXFileReference; lastKnownFileType = sourcecode.c.h; path = "NSObject+TypeForwardInvocation.h"; sourceTree = "<group>"; };
		3AED04C51FE11CEB003130A3 /* NSObject+TypeForwardInvocation.m */ = {isa = PBXFileReference; lastKnownFileType = sourcecode.c.objc; path = "NSObject+TypeForwardInvocation.m"; sourceTree = "<group>"; };
/* End PBXFileReference section */

/* Begin PBXFrameworksBuildPhase section */
		3AED048B1FE1026C003130A3 /* Frameworks */ = {
			isa = PBXFrameworksBuildPhase;
			buildActionMask = 2147483647;
			files = (
			);
			runOnlyForDeploymentPostprocessing = 0;
		};
		3AED04A31FE1026C003130A3 /* Frameworks */ = {
			isa = PBXFrameworksBuildPhase;
			buildActionMask = 2147483647;
			files = (
			);
			runOnlyForDeploymentPostprocessing = 0;
		};
/* End PBXFrameworksBuildPhase section */

/* Begin PBXGroup section */
		3AED04851FE1026C003130A3 = {
			isa = PBXGroup;
			children = (
				3AED04901FE1026C003130A3 /* AnExperimentOnPreventingUnrecognizedSelectorCrash */,
				3AED04A91FE1026C003130A3 /* AnExperimentOnPreventingUnrecognizedSelectorCrashTests */,
				3AED048F1FE1026C003130A3 /* Products */,
			);
			sourceTree = "<group>";
		};
		3AED048F1FE1026C003130A3 /* Products */ = {
			isa = PBXGroup;
			children = (
				3AED048E1FE1026C003130A3 /* AnExperimentOnPreventingUnrecognizedSelectorCrash.app */,
				3AED04A61FE1026C003130A3 /* AnExperimentOnPreventingUnrecognizedSelectorCrashTests.xctest */,
			);
			name = Products;
			sourceTree = "<group>";
		};
		3AED04901FE1026C003130A3 /* AnExperimentOnPreventingUnrecognizedSelectorCrash */ = {
			isa = PBXGroup;
			children = (
				3AED04B61FE102CA003130A3 /* CrashPreventor */,
				3AED04911FE1026C003130A3 /* AppDelegate.h */,
				3AED04921FE1026C003130A3 /* AppDelegate.m */,
				3AED04941FE1026C003130A3 /* ViewController.h */,
				3AED04951FE1026C003130A3 /* ViewController.m */,
				3AED04971FE1026C003130A3 /* Main.storyboard */,
				3AED049A1FE1026C003130A3 /* Assets.xcassets */,
				3AED049C1FE1026C003130A3 /* LaunchScreen.storyboard */,
				3AED049F1FE1026C003130A3 /* Info.plist */,
				3AED04A01FE1026C003130A3 /* main.m */,
			);
			path = AnExperimentOnPreventingUnrecognizedSelectorCrash;
			sourceTree = "<group>";
		};
		3AED04A91FE1026C003130A3 /* AnExperimentOnPreventingUnrecognizedSelectorCrashTests */ = {
			isa = PBXGroup;
			children = (
				3AED04AA1FE1026C003130A3 /* AnExperimentOnPreventingUnrecognizedSelectorCrashTests.m */,
				3AED04AC1FE1026C003130A3 /* Info.plist */,
			);
			path = AnExperimentOnPreventingUnrecognizedSelectorCrashTests;
			sourceTree = "<group>";
		};
		3AED04B61FE102CA003130A3 /* CrashPreventor */ = {
			isa = PBXGroup;
			children = (
				3AED04B71FE10893003130A3 /* NSObject+RuntimeAdditions.h */,
				3AED04B81FE10893003130A3 /* NSObject+RuntimeAdditions.m */,
				3AED04BE1FE11341003130A3 /* NSObject+TypeResolveInstanceMethod.h */,
				3AED04BF1FE11341003130A3 /* NSObject+TypeResolveInstanceMethod.m */,
				3AED04C11FE1184A003130A3 /* NSObject+TypeForwardingTarget.h */,
				3AED04C21FE1184A003130A3 /* NSObject+TypeForwardingTarget.m */,
				3AED04C41FE11CEB003130A3 /* NSObject+TypeForwardInvocation.h */,
				3AED04C51FE11CEB003130A3 /* NSObject+TypeForwardInvocation.m */,
				3AED04BA1FE10910003130A3 /* ZWZCrashPreventor.h */,
				3AED04BB1FE10910003130A3 /* ZWZCrashPreventor.m */,
			);
			path = CrashPreventor;
			sourceTree = "<group>";
		};
/* End PBXGroup section */

/* Begin PBXNativeTarget section */
		3AED048D1FE1026C003130A3 /* AnExperimentOnPreventingUnrecognizedSelectorCrash */ = {
			isa = PBXNativeTarget;
			buildConfigurationList = 3AED04AF1FE1026C003130A3 /* Build configuration list for PBXNativeTarget "AnExperimentOnPreventingUnrecognizedSelectorCrash" */;
			buildPhases = (
				3AED048A1FE1026C003130A3 /* Sources */,
				3AED048B1FE1026C003130A3 /* Frameworks */,
				3AED048C1FE1026C003130A3 /* Resources */,
			);
			buildRules = (
			);
			dependencies = (
			);
			name = AnExperimentOnPreventingUnrecognizedSelectorCrash;
			productName = AnExperimentOnPreventingUnrecognizedSelectorCrash;
			productReference = 3AED048E1FE1026C003130A3 /* AnExperimentOnPreventingUnrecognizedSelectorCrash.app */;
			productType = "com.apple.product-type.application";
		};
		3AED04A51FE1026C003130A3 /* AnExperimentOnPreventingUnrecognizedSelectorCrashTests */ = {
			isa = PBXNativeTarget;
			buildConfigurationList = 3AED04B21FE1026C003130A3 /* Build configuration list for PBXNativeTarget "AnExperimentOnPreventingUnrecognizedSelectorCrashTests" */;
			buildPhases = (
				3AED04A21FE1026C003130A3 /* Sources */,
				3AED04A31FE1026C003130A3 /* Frameworks */,
				3AED04A41FE1026C003130A3 /* Resources */,
			);
			buildRules = (
			);
			dependencies = (
				3AED04A81FE1026C003130A3 /* PBXTargetDependency */,
			);
			name = AnExperimentOnPreventingUnrecognizedSelectorCrashTests;
			productName = AnExperimentOnPreventingUnrecognizedSelectorCrashTests;
			productReference = 3AED04A61FE1026C003130A3 /* AnExperimentOnPreventingUnrecognizedSelectorCrashTests.xctest */;
			productType = "com.apple.product-type.bundle.unit-test";
		};
/* End PBXNativeTarget section */

/* Begin PBXProject section */
		3AED04861FE1026C003130A3 /* Project object */ = {
			isa = PBXProject;
			attributes = {
				LastUpgradeCheck = 0920;
				ORGANIZATIONNAME = "Wenzheng Zhang";
				TargetAttributes = {
					3AED048D1FE1026C003130A3 = {
						CreatedOnToolsVersion = 9.2;
						ProvisioningStyle = Automatic;
					};
					3AED04A51FE1026C003130A3 = {
						CreatedOnToolsVersion = 9.2;
						ProvisioningStyle = Automatic;
						TestTargetID = 3AED048D1FE1026C003130A3;
					};
				};
			};
			buildConfigurationList = 3AED04891FE1026C003130A3 /* Build configuration list for PBXProject "AnExperimentOnPreventingUnrecognizedSelectorCrash" */;
			compatibilityVersion = "Xcode 8.0";
			developmentRegion = en;
			hasScannedForEncodings = 0;
			knownRegions = (
				en,
				Base,
			);
			mainGroup = 3AED04851FE1026C003130A3;
			productRefGroup = 3AED048F1FE1026C003130A3 /* Products */;
			projectDirPath = "";
			projectRoot = "";
			targets = (
				3AED048D1FE1026C003130A3 /* AnExperimentOnPreventingUnrecognizedSelectorCrash */,
				3AED04A51FE1026C003130A3 /* AnExperimentOnPreventingUnrecognizedSelectorCrashTests */,
			);
		};
/* End PBXProject section */

/* Begin PBXResourcesBuildPhase section */
		3AED048C1FE1026C003130A3 /* Resources */ = {
			isa = PBXResourcesBuildPhase;
			buildActionMask = 2147483647;
			files = (
				3AED049E1FE1026C003130A3 /* LaunchScreen.storyboard in Resources */,
				3AED049B1FE1026C003130A3 /* Assets.xcassets in Resources */,
				3AED04991FE1026C003130A3 /* Main.storyboard in Resources */,
			);
			runOnlyForDeploymentPostprocessing = 0;
		};
		3AED04A41FE1026C003130A3 /* Resources */ = {
			isa = PBXResourcesBuildPhase;
			buildActionMask = 2147483647;
			files = (
			);
			runOnlyForDeploymentPostprocessing = 0;
		};
/* End PBXResourcesBuildPhase section */

/* Begin PBXSourcesBuildPhase section */
		3AED048A1FE1026C003130A3 /* Sources */ = {
			isa = PBXSourcesBuildPhase;
			buildActionMask = 2147483647;
			files = (
				3AED04C31FE1184A003130A3 /* NSObject+TypeForwardingTarget.m in Sources */,
				3AED04B91FE10893003130A3 /* NSObject+RuntimeAdditions.m in Sources */,
				3AED04961FE1026C003130A3 /* ViewController.m in Sources */,
				3AED04C01FE11341003130A3 /* NSObject+TypeResolveInstanceMethod.m in Sources */,
				3AED04A11FE1026C003130A3 /* main.m in Sources */,
				3AED04931FE1026C003130A3 /* AppDelegate.m in Sources */,
				3AED04C61FE11CEB003130A3 /* NSObject+TypeForwardInvocation.m in Sources */,
				3AED04BC1FE10910003130A3 /* ZWZCrashPreventor.m in Sources */,
			);
			runOnlyForDeploymentPostprocessing = 0;
		};
		3AED04A21FE1026C003130A3 /* Sources */ = {
			isa = PBXSourcesBuildPhase;
			buildActionMask = 2147483647;
			files = (
				3AED04AB1FE1026C003130A3 /* AnExperimentOnPreventingUnrecognizedSelectorCrashTests.m in Sources */,
			);
			runOnlyForDeploymentPostprocessing = 0;
		};
/* End PBXSourcesBuildPhase section */

/* Begin PBXTargetDependency section */
		3AED04A81FE1026C003130A3 /* PBXTargetDependency */ = {
			isa = PBXTargetDependency;
			target = 3AED048D1FE1026C003130A3 /* AnExperimentOnPreventingUnrecognizedSelectorCrash */;
			targetProxy = 3AED04A71FE1026C003130A3 /* PBXContainerItemProxy */;
		};
/* End PBXTargetDependency section */

/* Begin PBXVariantGroup section */
		3AED04971FE1026C003130A3 /* Main.storyboard */ = {
			isa = PBXVariantGroup;
			children = (
				3AED04981FE1026C003130A3 /* Base */,
			);
			name = Main.storyboard;
			sourceTree = "<group>";
		};
		3AED049C1FE1026C003130A3 /* LaunchScreen.storyboard */ = {
			isa = PBXVariantGroup;
			children = (
				3AED049D1FE1026C003130A3 /* Base */,
			);
			name = LaunchScreen.storyboard;
			sourceTree = "<group>";
		};
/* End PBXVariantGroup section */

/* Begin XCBuildConfiguration section */
		3AED04AD1FE1026C003130A3 /* Debug */ = {
			isa = XCBuildConfiguration;
			buildSettings = {
				ALWAYS_SEARCH_USER_PATHS = NO;
				CLANG_ANALYZER_NONNULL = YES;
				CLANG_ANALYZER_NUMBER_OBJECT_CONVERSION = YES_AGGRESSIVE;
				CLANG_CXX_LANGUAGE_STANDARD = "gnu++14";
				CLANG_CXX_LIBRARY = "libc++";
				CLANG_ENABLE_MODULES = YES;
				CLANG_ENABLE_OBJC_ARC = YES;
				CLANG_WARN_BLOCK_CAPTURE_AUTORELEASING = YES;
				CLANG_WARN_BOOL_CONVERSION = YES;
				CLANG_WARN_COMMA = YES;
				CLANG_WARN_CONSTANT_CONVERSION = YES;
				CLANG_WARN_DIRECT_OBJC_ISA_USAGE = YES_ERROR;
				CLANG_WARN_DOCUMENTATION_COMMENTS = YES;
				CLANG_WARN_EMPTY_BODY = YES;
				CLANG_WARN_ENUM_CONVERSION = YES;
				CLANG_WARN_INFINITE_RECURSION = YES;
				CLANG_WARN_INT_CONVERSION = YES;
				CLANG_WARN_NON_LITERAL_NULL_CONVERSION = YES;
				CLANG_WARN_OBJC_LITERAL_CONVERSION = YES;
				CLANG_WARN_OBJC_ROOT_CLASS = YES_ERROR;
				CLANG_WARN_RANGE_LOOP_ANALYSIS = YES;
				CLANG_WARN_STRICT_PROTOTYPES = YES;
				CLANG_WARN_SUSPICIOUS_MOVE = YES;
				CLANG_WARN_UNGUARDED_AVAILABILITY = YES_AGGRESSIVE;
				CLANG_WARN_UNREACHABLE_CODE = YES;
				CLANG_WARN__DUPLICATE_METHOD_MATCH = YES;
				CODE_SIGN_IDENTITY = "iPhone Developer";
				COPY_PHASE_STRIP = NO;
				DEBUG_INFORMATION_FORMAT = dwarf;
				ENABLE_STRICT_OBJC_MSGSEND = YES;
				ENABLE_TESTABILITY = YES;
				GCC_C_LANGUAGE_STANDARD = gnu11;
				GCC_DYNAMIC_NO_PIC = NO;
				GCC_NO_COMMON_BLOCKS = YES;
				GCC_OPTIMIZATION_LEVEL = 0;
				GCC_PREPROCESSOR_DEFINITIONS = (
					"DEBUG=1",
					"$(inherited)",
				);
				GCC_WARN_64_TO_32_BIT_CONVERSION = YES;
				GCC_WARN_ABOUT_RETURN_TYPE = YES_ERROR;
				GCC_WARN_UNDECLARED_SELECTOR = YES;
				GCC_WARN_UNINITIALIZED_AUTOS = YES_AGGRESSIVE;
				GCC_WARN_UNUSED_FUNCTION = YES;
				GCC_WARN_UNUSED_VARIABLE = YES;
				IPHONEOS_DEPLOYMENT_TARGET = 11.2;
				MTL_ENABLE_DEBUG_INFO = YES;
				ONLY_ACTIVE_ARCH = YES;
				SDKROOT = iphoneos;
			};
			name = Debug;
		};
		3AED04AE1FE1026C003130A3 /* Release */ = {
			isa = XCBuildConfiguration;
			buildSettings = {
				ALWAYS_SEARCH_USER_PATHS = NO;
				CLANG_ANALYZER_NONNULL = YES;
				CLANG_ANALYZER_NUMBER_OBJECT_CONVERSION = YES_AGGRESSIVE;
				CLANG_CXX_LANGUAGE_STANDARD = "gnu++14";
				CLANG_CXX_LIBRARY = "libc++";
				CLANG_ENABLE_MODULES = YES;
				CLANG_ENABLE_OBJC_ARC = YES;
				CLANG_WARN_BLOCK_CAPTURE_AUTORELEASING = YES;
				CLANG_WARN_BOOL_CONVERSION = YES;
				CLANG_WARN_COMMA = YES;
				CLANG_WARN_CONSTANT_CONVERSION = YES;
				CLANG_WARN_DIRECT_OBJC_ISA_USAGE = YES_ERROR;
				CLANG_WARN_DOCUMENTATION_COMMENTS = YES;
				CLANG_WARN_EMPTY_BODY = YES;
				CLANG_WARN_ENUM_CONVERSION = YES;
				CLANG_WARN_INFINITE_RECURSION = YES;
				CLANG_WARN_INT_CONVERSION = YES;
				CLANG_WARN_NON_LITERAL_NULL_CONVERSION = YES;
				CLANG_WARN_OBJC_LITERAL_CONVERSION = YES;
				CLANG_WARN_OBJC_ROOT_CLASS = YES_ERROR;
				CLANG_WARN_RANGE_LOOP_ANALYSIS = YES;
				CLANG_WARN_STRICT_PROTOTYPES = YES;
				CLANG_WARN_SUSPICIOUS_MOVE = YES;
				CLANG_WARN_UNGUARDED_AVAILABILITY = YES_AGGRESSIVE;
				CLANG_WARN_UNREACHABLE_CODE = YES;
				CLANG_WARN__DUPLICATE_METHOD_MATCH = YES;
				CODE_SIGN_IDENTITY = "iPhone Developer";
				COPY_PHASE_STRIP = NO;
				DEBUG_INFORMATION_FORMAT = "dwarf-with-dsym";
				ENABLE_NS_ASSERTIONS = NO;
				ENABLE_STRICT_OBJC_MSGSEND = YES;
				GCC_C_LANGUAGE_STANDARD = gnu11;
				GCC_NO_COMMON_BLOCKS = YES;
				GCC_WARN_64_TO_32_BIT_CONVERSION = YES;
				GCC_WARN_ABOUT_RETURN_TYPE = YES_ERROR;
				GCC_WARN_UNDECLARED_SELECTOR = YES;
				GCC_WARN_UNINITIALIZED_AUTOS = YES_AGGRESSIVE;
				GCC_WARN_UNUSED_FUNCTION = YES;
				GCC_WARN_UNUSED_VARIABLE = YES;
				IPHONEOS_DEPLOYMENT_TARGET = 11.2;
				MTL_ENABLE_DEBUG_INFO = NO;
				SDKROOT = iphoneos;
				VALIDATE_PRODUCT = YES;
			};
			name = Release;
		};
		3AED04B01FE1026C003130A3 /* Debug */ = {
			isa = XCBuildConfiguration;
			buildSettings = {
				ASSETCATALOG_COMPILER_APPICON_NAME = AppIcon;
				CODE_SIGN_STYLE = Automatic;
				INFOPLIST_FILE = AnExperimentOnPreventingUnrecognizedSelectorCrash/Info.plist;
				LD_RUNPATH_SEARCH_PATHS = "$(inherited) @executable_path/Frameworks";
				PRODUCT_BUNDLE_IDENTIFIER = com.zwz.AnExperimentOnPreventingUnrecognizedSelectorCrash;
				PRODUCT_NAME = "$(TARGET_NAME)";
				TARGETED_DEVICE_FAMILY = "1,2";
			};
			name = Debug;
		};
		3AED04B11FE1026C003130A3 /* Release */ = {
			isa = XCBuildConfiguration;
			buildSettings = {
				ASSETCATALOG_COMPILER_APPICON_NAME = AppIcon;
				CODE_SIGN_STYLE = Automatic;
				INFOPLIST_FILE = AnExperimentOnPreventingUnrecognizedSelectorCrash/Info.plist;
				LD_RUNPATH_SEARCH_PATHS = "$(inherited) @executable_path/Frameworks";
				PRODUCT_BUNDLE_IDENTIFIER = com.zwz.AnExperimentOnPreventingUnrecognizedSelectorCrash;
				PRODUCT_NAME = "$(TARGET_NAME)";
				TARGETED_DEVICE_FAMILY = "1,2";
			};
			name = Release;
		};
		3AED04B31FE1026C003130A3 /* Debug */ = {
			isa = XCBuildConfiguration;
			buildSettings = {
				BUNDLE_LOADER = "$(TEST_HOST)";
				CODE_SIGN_STYLE = Automatic;
				INFOPLIST_FILE = AnExperimentOnPreventingUnrecognizedSelectorCrashTests/Info.plist;
				LD_RUNPATH_SEARCH_PATHS = "$(inherited) @executable_path/Frameworks @loader_path/Frameworks";
				PRODUCT_BUNDLE_IDENTIFIER = com.zwz.AnExperimentOnPreventingUnrecognizedSelectorCrashTests;
				PRODUCT_NAME = "$(TARGET_NAME)";
				TARGETED_DEVICE_FAMILY = "1,2";
				TEST_HOST = "$(BUILT_PRODUCTS_DIR)/AnExperimentOnPreventingUnrecognizedSelectorCrash.app/AnExperimentOnPreventingUnrecognizedSelectorCrash";
			};
			name = Debug;
		};
		3AED04B41FE1026C003130A3 /* Release */ = {
			isa = XCBuildConfiguration;
			buildSettings = {
				BUNDLE_LOADER = "$(TEST_HOST)";
				CODE_SIGN_STYLE = Automatic;
				INFOPLIST_FILE = AnExperimentOnPreventingUnrecognizedSelectorCrashTests/Info.plist;
				LD_RUNPATH_SEARCH_PATHS = "$(inherited) @executable_path/Frameworks @loader_path/Frameworks";
				PRODUCT_BUNDLE_IDENTIFIER = com.zwz.AnExperimentOnPreventingUnrecognizedSelectorCrashTests;
				PRODUCT_NAME = "$(TARGET_NAME)";
				TARGETED_DEVICE_FAMILY = "1,2";
				TEST_HOST = "$(BUILT_PRODUCTS_DIR)/AnExperimentOnPreventingUnrecognizedSelectorCrash.app/AnExperimentOnPreventingUnrecognizedSelectorCrash";
			};
			name = Release;
		};
/* End XCBuildConfiguration section */

/* Begin XCConfigurationList section */
		3AED04891FE1026C003130A3 /* Build configuration list for PBXProject "AnExperimentOnPreventingUnrecognizedSelectorCrash" */ = {
			isa = XCConfigurationList;
			buildConfigurations = (
				3AED04AD1FE1026C003130A3 /* Debug */,
				3AED04AE1FE1026C003130A3 /* Release */,
			);
			defaultConfigurationIsVisible = 0;
			defaultConfigurationName = Release;
		};
		3AED04AF1FE1026C003130A3 /* Build configuration list for PBXNativeTarget "AnExperimentOnPreventingUnrecognizedSelectorCrash" */ = {
			isa = XCConfigurationList;
			buildConfigurations = (
				3AED04B01FE1026C003130A3 /* Debug */,
				3AED04B11FE1026C003130A3 /* Release */,
			);
			defaultConfigurationIsVisible = 0;
			defaultConfigurationName = Release;
		};
		3AED04B21FE1026C003130A3 /* Build configuration list for PBXNativeTarget "AnExperimentOnPreventingUnrecognizedSelectorCrashTests" */ = {
			isa = XCConfigurationList;
			buildConfigurations = (
				3AED04B31FE1026C003130A3 /* Debug */,
				3AED04B41FE1026C003130A3 /* Release */,
			);
			defaultConfigurationIsVisible = 0;
			defaultConfigurationName = Release;
		};
/* End XCConfigurationList section */
	};
	rootObject = 3AED04861FE1026C003130A3 /* Project object */;
}
